
Microsoft Visual Studio Solution File, Format Version 12.00
# Visual Studio 15
VisualStudioVersion = 15.0.28307.645
MinimumVisualStudioVersion = 10.0.40219.1
Project("{FAE04EC0-301F-11D3-BF4B-00C04F79EFBC}") = "强智系统", "强智系统\强智系统.csproj", "{07260079-96B9-4A5C-AFC6-A1D9CCA799A0}"
EndProject
Global
	GlobalSection(SolutionConfigurationPlatforms) = preSolution
		Debug|Any CPU = Debug|Any CPU
		Release|Any CPU = Release|Any CPU
	EndGlobalSection
	GlobalSection(ProjectConfigurationPlatforms) = postSolution
		{07260079-96B9-4A5C-AFC6-A1D9CCA799A0}.Debug|Any CPU.ActiveCfg = Debug|Any CPU
		{07260079-96B9-4A5C-AFC6-A1D9CCA799A0}.Debug|Any CPU.Build.0 = Debug|Any CPU
		{07260079-96B9-4A5C-AFC6-A1D9CCA799A0}.Release|Any CPU.ActiveCfg = Release|Any CPU
		{07260079-96B9-4A5C-AFC6-A1D9CCA799A0}.Release|Any CPU.Build.0 = Release|Any CPU
	EndGlobalSection
	GlobalSection(SolutionProperties) = preSolution
		HideSolutionNode = FALSE
	EndGlobalSection
	GlobalSection(ExtensibilityGlobals) = postSolution
		SolutionGuid = {B8CA2529-4C50-402C-B1DE-1198C13CDDD3}
	EndGlobalSection
EndGlobal
